// !$*UTF8*$!
{
	archiveVersion = 1;
	classes = {
	};
	objectVersion = 50;
	objects = {

/* Begin PBXBuildFile section */
		1335DF1B243B045400DFAD45 /* AppDelegate.swift in Sources */ = {isa = PBXBuildFile; fileRef = 1335DF1A243B045400DFAD45 /* AppDelegate.swift */; };
		1335DF1D243B045400DFAD45 /* SceneDelegate.swift in Sources */ = {isa = PBXBuildFile; fileRef = 1335DF1C243B045400DFAD45 /* SceneDelegate.swift */; };
		1335DF22243B045400DFAD45 /* Main.storyboard in Resources */ = {isa = PBXBuildFile; fileRef = 1335DF20243B045400DFAD45 /* Main.storyboard */; };
		1335DF24243B045500DFAD45 /* Assets.xcassets in Resources */ = {isa = PBXBuildFile; fileRef = 1335DF23243B045500DFAD45 /* Assets.xcassets */; };
		1335DF27243B045500DFAD45 /* LaunchScreen.storyboard in Resources */ = {isa = PBXBuildFile; fileRef = 1335DF25243B045500DFAD45 /* LaunchScreen.storyboard */; };
		1335DF32243B045500DFAD45 /* TrueLoveSampleTests.swift in Sources */ = {isa = PBXBuildFile; fileRef = 1335DF31243B045500DFAD45 /* TrueLoveSampleTests.swift */; };
		1335DF3D243B045500DFAD45 /* TrueLoveSampleUITests.swift in Sources */ = {isa = PBXBuildFile; fileRef = 1335DF3C243B045500DFAD45 /* TrueLoveSampleUITests.swift */; };
		1335DF4C243B05A600DFAD45 /* MaskInfoEndPoint.swift in Sources */ = {isa = PBXBuildFile; fileRef = 1335DF4B243B05A600DFAD45 /* MaskInfoEndPoint.swift */; };
		1335DF4E243B063700DFAD45 /* EndPointType.swift in Sources */ = {isa = PBXBuildFile; fileRef = 1335DF4D243B063700DFAD45 /* EndPointType.swift */; };
		1335DF4F243B063700DFAD45 /* EndPointType.swift in Sources */ = {isa = PBXBuildFile; fileRef = 1335DF4D243B063700DFAD45 /* EndPointType.swift */; };
		1335DF50243B063700DFAD45 /* EndPointType.swift in Sources */ = {isa = PBXBuildFile; fileRef = 1335DF4D243B063700DFAD45 /* EndPointType.swift */; };
		1335DF52243B089200DFAD45 /* MaskInfoService.swift in Sources */ = {isa = PBXBuildFile; fileRef = 1335DF51243B089200DFAD45 /* MaskInfoService.swift */; };
		1335DF56243B08F700DFAD45 /* NetworkRouter.swift in Sources */ = {isa = PBXBuildFile; fileRef = 1335DF55243B08F700DFAD45 /* NetworkRouter.swift */; };
		1335DF57243B08F700DFAD45 /* NetworkRouter.swift in Sources */ = {isa = PBXBuildFile; fileRef = 1335DF55243B08F700DFAD45 /* NetworkRouter.swift */; };
		1335DF58243B08F700DFAD45 /* NetworkRouter.swift in Sources */ = {isa = PBXBuildFile; fileRef = 1335DF55243B08F700DFAD45 /* NetworkRouter.swift */; };
		1335DF5A243B098200DFAD45 /* HTTPMethod.swift in Sources */ = {isa = PBXBuildFile; fileRef = 1335DF59243B098200DFAD45 /* HTTPMethod.swift */; };
		1335DF5B243B098200DFAD45 /* HTTPMethod.swift in Sources */ = {isa = PBXBuildFile; fileRef = 1335DF59243B098200DFAD45 /* HTTPMethod.swift */; };
		1335DF5C243B098200DFAD45 /* HTTPMethod.swift in Sources */ = {isa = PBXBuildFile; fileRef = 1335DF59243B098200DFAD45 /* HTTPMethod.swift */; };
		1335DF5E243B09A600DFAD45 /* HTTPTask.swift in Sources */ = {isa = PBXBuildFile; fileRef = 1335DF5D243B09A600DFAD45 /* HTTPTask.swift */; };
		1335DF5F243B09A600DFAD45 /* HTTPTask.swift in Sources */ = {isa = PBXBuildFile; fileRef = 1335DF5D243B09A600DFAD45 /* HTTPTask.swift */; };
		1335DF60243B09A600DFAD45 /* HTTPTask.swift in Sources */ = {isa = PBXBuildFile; fileRef = 1335DF5D243B09A600DFAD45 /* HTTPTask.swift */; };
		1335DF66243B176300DFAD45 /* ResponseHandler.swift in Sources */ = {isa = PBXBuildFile; fileRef = 1335DF65243B176300DFAD45 /* ResponseHandler.swift */; };
		1335DF67243B176300DFAD45 /* ResponseHandler.swift in Sources */ = {isa = PBXBuildFile; fileRef = 1335DF65243B176300DFAD45 /* ResponseHandler.swift */; };
		1335DF68243B176300DFAD45 /* ResponseHandler.swift in Sources */ = {isa = PBXBuildFile; fileRef = 1335DF65243B176300DFAD45 /* ResponseHandler.swift */; };
		134540A5243B1EF800956A30 /* MaskInfoService.swift in Sources */ = {isa = PBXBuildFile; fileRef = 1335DF51243B089200DFAD45 /* MaskInfoService.swift */; };
		134540A6243B1EF800956A30 /* MaskInfoService.swift in Sources */ = {isa = PBXBuildFile; fileRef = 1335DF51243B089200DFAD45 /* MaskInfoService.swift */; };
		134540A9243B23EC00956A30 /* MaskInfo.swift in Sources */ = {isa = PBXBuildFile; fileRef = 134540A8243B23EC00956A30 /* MaskInfo.swift */; };
		134540AA243B23EC00956A30 /* MaskInfo.swift in Sources */ = {isa = PBXBuildFile; fileRef = 134540A8243B23EC00956A30 /* MaskInfo.swift */; };
		134540AB243B23EC00956A30 /* MaskInfo.swift in Sources */ = {isa = PBXBuildFile; fileRef = 134540A8243B23EC00956A30 /* MaskInfo.swift */; };
		134540AD243B293F00956A30 /* MaskStorage.swift in Sources */ = {isa = PBXBuildFile; fileRef = 134540AC243B293F00956A30 /* MaskStorage.swift */; };
		134540AE243B293F00956A30 /* MaskStorage.swift in Sources */ = {isa = PBXBuildFile; fileRef = 134540AC243B293F00956A30 /* MaskStorage.swift */; };
		134540AF243B293F00956A30 /* MaskStorage.swift in Sources */ = {isa = PBXBuildFile; fileRef = 134540AC243B293F00956A30 /* MaskStorage.swift */; };
		134540B2243B31ED00956A30 /* HomePageInteractor.swift in Sources */ = {isa = PBXBuildFile; fileRef = 134540B1243B31ED00956A30 /* HomePageInteractor.swift */; };
		134540B3243B31ED00956A30 /* HomePageInteractor.swift in Sources */ = {isa = PBXBuildFile; fileRef = 134540B1243B31ED00956A30 /* HomePageInteractor.swift */; };
		134540B4243B31ED00956A30 /* HomePageInteractor.swift in Sources */ = {isa = PBXBuildFile; fileRef = 134540B1243B31ED00956A30 /* HomePageInteractor.swift */; };
		134540B6243B32AB00956A30 /* HomePagePresenter.swift in Sources */ = {isa = PBXBuildFile; fileRef = 134540B5243B32AB00956A30 /* HomePagePresenter.swift */; };
		134540B7243B32AB00956A30 /* HomePagePresenter.swift in Sources */ = {isa = PBXBuildFile; fileRef = 134540B5243B32AB00956A30 /* HomePagePresenter.swift */; };
		134540B8243B32AB00956A30 /* HomePagePresenter.swift in Sources */ = {isa = PBXBuildFile; fileRef = 134540B5243B32AB00956A30 /* HomePagePresenter.swift */; };
		134540BA243B32BF00956A30 /* HomePageBuilder.swift in Sources */ = {isa = PBXBuildFile; fileRef = 134540B9243B32BF00956A30 /* HomePageBuilder.swift */; };
		134540BB243B32BF00956A30 /* HomePageBuilder.swift in Sources */ = {isa = PBXBuildFile; fileRef = 134540B9243B32BF00956A30 /* HomePageBuilder.swift */; };
		134540BC243B32BF00956A30 /* HomePageBuilder.swift in Sources */ = {isa = PBXBuildFile; fileRef = 134540B9243B32BF00956A30 /* HomePageBuilder.swift */; };
		134540BE243B33C600956A30 /* UIViewControllerExtension.swift in Sources */ = {isa = PBXBuildFile; fileRef = 134540BD243B33C600956A30 /* UIViewControllerExtension.swift */; };
		134540BF243B33C600956A30 /* UIViewControllerExtension.swift in Sources */ = {isa = PBXBuildFile; fileRef = 134540BD243B33C600956A30 /* UIViewControllerExtension.swift */; };
		134540C0243B33C600956A30 /* UIViewControllerExtension.swift in Sources */ = {isa = PBXBuildFile; fileRef = 134540BD243B33C600956A30 /* UIViewControllerExtension.swift */; };
		134540C4243B391900956A30 /* HomePageViewController.swift in Sources */ = {isa = PBXBuildFile; fileRef = 134540C2243B391900956A30 /* HomePageViewController.swift */; };
		134540C5243B391900956A30 /* HomePageViewController.swift in Sources */ = {isa = PBXBuildFile; fileRef = 134540C2243B391900956A30 /* HomePageViewController.swift */; };
		134540C6243B391900956A30 /* HomePageViewController.swift in Sources */ = {isa = PBXBuildFile; fileRef = 134540C2243B391900956A30 /* HomePageViewController.swift */; };
		134540C7243B391900956A30 /* HomePageViewController.xib in Resources */ = {isa = PBXBuildFile; fileRef = 134540C3243B391900956A30 /* HomePageViewController.xib */; };
		134540C8243B391900956A30 /* HomePageViewController.xib in Resources */ = {isa = PBXBuildFile; fileRef = 134540C3243B391900956A30 /* HomePageViewController.xib */; };
		134540C9243B391900956A30 /* HomePageViewController.xib in Resources */ = {isa = PBXBuildFile; fileRef = 134540C3243B391900956A30 /* HomePageViewController.xib */; };
/* End PBXBuildFile section */

/* Begin PBXContainerItemProxy section */
		1335DF2E243B045500DFAD45 /* PBXContainerItemProxy */ = {
			isa = PBXContainerItemProxy;
			containerPortal = 1335DF0F243B045400DFAD45 /* Project object */;
			proxyType = 1;
			remoteGlobalIDString = 1335DF16243B045400DFAD45;
			remoteInfo = TrueLoveSample;
		};
		1335DF39243B045500DFAD45 /* PBXContainerItemProxy */ = {
			isa = PBXContainerItemProxy;
			containerPortal = 1335DF0F243B045400DFAD45 /* Project object */;
			proxyType = 1;
			remoteGlobalIDString = 1335DF16243B045400DFAD45;
			remoteInfo = TrueLoveSample;
		};
/* End PBXContainerItemProxy section */

/* Begin PBXFileReference section */
		1335DF17243B045400DFAD45 /* TrueLoveSample.app */ = {isa = PBXFileReference; explicitFileType = wrapper.application; includeInIndex = 0; path = TrueLoveSample.app; sourceTree = BUILT_PRODUCTS_DIR; };
		1335DF1A243B045400DFAD45 /* AppDelegate.swift */ = {isa = PBXFileReference; lastKnownFileType = sourcecode.swift; path = AppDelegate.swift; sourceTree = "<group>"; };
		1335DF1C243B045400DFAD45 /* SceneDelegate.swift */ = {isa = PBXFileReference; lastKnownFileType = sourcecode.swift; path = SceneDelegate.swift; sourceTree = "<group>"; };
		1335DF21243B045400DFAD45 /* Base */ = {isa = PBXFileReference; lastKnownFileType = file.storyboard; name = Base; path = Base.lproj/Main.storyboard; sourceTree = "<group>"; };
		1335DF23243B045500DFAD45 /* Assets.xcassets */ = {isa = PBXFileReference; lastKnownFileType = folder.assetcatalog; path = Assets.xcassets; sourceTree = "<group>"; };
		1335DF26243B045500DFAD45 /* Base */ = {isa = PBXFileReference; lastKnownFileType = file.storyboard; name = Base; path = Base.lproj/LaunchScreen.storyboard; sourceTree = "<group>"; };
		1335DF28243B045500DFAD45 /* Info.plist */ = {isa = PBXFileReference; lastKnownFileType = text.plist.xml; path = Info.plist; sourceTree = "<group>"; };
		1335DF2D243B045500DFAD45 /* TrueLoveSampleTests.xctest */ = {isa = PBXFileReference; explicitFileType = wrapper.cfbundle; includeInIndex = 0; path = TrueLoveSampleTests.xctest; sourceTree = BUILT_PRODUCTS_DIR; };
		1335DF31243B045500DFAD45 /* TrueLoveSampleTests.swift */ = {isa = PBXFileReference; lastKnownFileType = sourcecode.swift; path = TrueLoveSampleTests.swift; sourceTree = "<group>"; };
		1335DF33243B045500DFAD45 /* Info.plist */ = {isa = PBXFileReference; lastKnownFileType = text.plist.xml; path = Info.plist; sourceTree = "<group>"; };
		1335DF38243B045500DFAD45 /* TrueLoveSampleUITests.xctest */ = {isa = PBXFileReference; explicitFileType = wrapper.cfbundle; includeInIndex = 0; path = TrueLoveSampleUITests.xctest; sourceTree = BUILT_PRODUCTS_DIR; };
		1335DF3C243B045500DFAD45 /* TrueLoveSampleUITests.swift */ = {isa = PBXFileReference; lastKnownFileType = sourcecode.swift; path = TrueLoveSampleUITests.swift; sourceTree = "<group>"; };
		1335DF3E243B045500DFAD45 /* Info.plist */ = {isa = PBXFileReference; lastKnownFileType = text.plist.xml; path = Info.plist; sourceTree = "<group>"; };
		1335DF4B243B05A600DFAD45 /* MaskInfoEndPoint.swift */ = {isa = PBXFileReference; lastKnownFileType = sourcecode.swift; path = MaskInfoEndPoint.swift; sourceTree = "<group>"; };
		1335DF4D243B063700DFAD45 /* EndPointType.swift */ = {isa = PBXFileReference; lastKnownFileType = sourcecode.swift; path = EndPointType.swift; sourceTree = "<group>"; };
		1335DF51243B089200DFAD45 /* MaskInfoService.swift */ = {isa = PBXFileReference; lastKnownFileType = sourcecode.swift; path = MaskInfoService.swift; sourceTree = "<group>"; };
		1335DF55243B08F700DFAD45 /* NetworkRouter.swift */ = {isa = PBXFileReference; lastKnownFileType = sourcecode.swift; path = NetworkRouter.swift; sourceTree = "<group>"; };
		1335DF59243B098200DFAD45 /* HTTPMethod.swift */ = {isa = PBXFileReference; lastKnownFileType = sourcecode.swift; path = HTTPMethod.swift; sourceTree = "<group>"; };
		1335DF5D243B09A600DFAD45 /* HTTPTask.swift */ = {isa = PBXFileReference; lastKnownFileType = sourcecode.swift; path = HTTPTask.swift; sourceTree = "<group>"; };
		1335DF65243B176300DFAD45 /* ResponseHandler.swift */ = {isa = PBXFileReference; lastKnownFileType = sourcecode.swift; path = ResponseHandler.swift; sourceTree = "<group>"; };
		134540A8243B23EC00956A30 /* MaskInfo.swift */ = {isa = PBXFileReference; lastKnownFileType = sourcecode.swift; path = MaskInfo.swift; sourceTree = "<group>"; };
		134540AC243B293F00956A30 /* MaskStorage.swift */ = {isa = PBXFileReference; lastKnownFileType = sourcecode.swift; path = MaskStorage.swift; sourceTree = "<group>"; };
		134540B1243B31ED00956A30 /* HomePageInteractor.swift */ = {isa = PBXFileReference; lastKnownFileType = sourcecode.swift; path = HomePageInteractor.swift; sourceTree = "<group>"; };
		134540B5243B32AB00956A30 /* HomePagePresenter.swift */ = {isa = PBXFileReference; lastKnownFileType = sourcecode.swift; path = HomePagePresenter.swift; sourceTree = "<group>"; };
		134540B9243B32BF00956A30 /* HomePageBuilder.swift */ = {isa = PBXFileReference; lastKnownFileType = sourcecode.swift; path = HomePageBuilder.swift; sourceTree = "<group>"; };
		134540BD243B33C600956A30 /* UIViewControllerExtension.swift */ = {isa = PBXFileReference; lastKnownFileType = sourcecode.swift; path = UIViewControllerExtension.swift; sourceTree = "<group>"; };
		134540C2243B391900956A30 /* HomePageViewController.swift */ = {isa = PBXFileReference; lastKnownFileType = sourcecode.swift; path = HomePageViewController.swift; sourceTree = "<group>"; };
		134540C3243B391900956A30 /* HomePageViewController.xib */ = {isa = PBXFileReference; lastKnownFileType = file.xib; path = HomePageViewController.xib; sourceTree = "<group>"; };
/* End PBXFileReference section */

/* Begin PBXFrameworksBuildPhase section */
		1335DF14243B045400DFAD45 /* Frameworks */ = {
			isa = PBXFrameworksBuildPhase;
			buildActionMask = 2147483647;
			files = (
			);
			runOnlyForDeploymentPostprocessing = 0;
		};
		1335DF2A243B045500DFAD45 /* Frameworks */ = {
			isa = PBXFrameworksBuildPhase;
			buildActionMask = 2147483647;
			files = (
			);
			runOnlyForDeploymentPostprocessing = 0;
		};
		1335DF35243B045500DFAD45 /* Frameworks */ = {
			isa = PBXFrameworksBuildPhase;
			buildActionMask = 2147483647;
			files = (
			);
			runOnlyForDeploymentPostprocessing = 0;
		};
/* End PBXFrameworksBuildPhase section */

/* Begin PBXGroup section */
		1335DF0E243B045400DFAD45 = {
			isa = PBXGroup;
			children = (
				1335DF19243B045400DFAD45 /* TrueLoveSample */,
				1335DF30243B045500DFAD45 /* TrueLoveSampleTests */,
				1335DF3B243B045500DFAD45 /* TrueLoveSampleUITests */,
				1335DF18243B045400DFAD45 /* Products */,
			);
			sourceTree = "<group>";
		};
		1335DF18243B045400DFAD45 /* Products */ = {
			isa = PBXGroup;
			children = (
				1335DF17243B045400DFAD45 /* TrueLoveSample.app */,
				1335DF2D243B045500DFAD45 /* TrueLoveSampleTests.xctest */,
				1335DF38243B045500DFAD45 /* TrueLoveSampleUITests.xctest */,
			);
			name = Products;
			sourceTree = "<group>";
		};
		1335DF19243B045400DFAD45 /* TrueLoveSample */ = {
			isa = PBXGroup;
			children = (
				1335DF1A243B045400DFAD45 /* AppDelegate.swift */,
				1335DF1C243B045400DFAD45 /* SceneDelegate.swift */,
				134540B0243B31C700956A30 /* Root */,
				134540A7243B23AB00956A30 /* Models */,
				1335DF4A243B056300DFAD45 /* Networking */,
				1335DF20243B045400DFAD45 /* Main.storyboard */,
				1335DF23243B045500DFAD45 /* Assets.xcassets */,
				1335DF25243B045500DFAD45 /* LaunchScreen.storyboard */,
				1335DF28243B045500DFAD45 /* Info.plist */,
			);
			path = TrueLoveSample;
			sourceTree = "<group>";
		};
		1335DF30243B045500DFAD45 /* TrueLoveSampleTests */ = {
			isa = PBXGroup;
			children = (
				1335DF31243B045500DFAD45 /* TrueLoveSampleTests.swift */,
				1335DF33243B045500DFAD45 /* Info.plist */,
			);
			path = TrueLoveSampleTests;
			sourceTree = "<group>";
		};
		1335DF3B243B045500DFAD45 /* TrueLoveSampleUITests */ = {
			isa = PBXGroup;
			children = (
				1335DF3C243B045500DFAD45 /* TrueLoveSampleUITests.swift */,
				1335DF3E243B045500DFAD45 /* Info.plist */,
			);
			path = TrueLoveSampleUITests;
			sourceTree = "<group>";
		};
		1335DF4A243B056300DFAD45 /* Networking */ = {
			isa = PBXGroup;
			children = (
				1335DF64243B0BE400DFAD45 /* MaskInfoService.swift */,
				1335DF61243B0BB000DFAD45 /* Service */,
			);
			path = Networking;
			sourceTree = "<group>";
		};
		1335DF61243B0BB000DFAD45 /* Service */ = {
			isa = PBXGroup;
			children = (
				1335DF4D243B063700DFAD45 /* EndPointType.swift */,
				1335DF59243B098200DFAD45 /* HTTPMethod.swift */,
				1335DF5D243B09A600DFAD45 /* HTTPTask.swift */,
				1335DF55243B08F700DFAD45 /* NetworkRouter.swift */,
				1335DF65243B176300DFAD45 /* ResponseHandler.swift */,
			);
			path = Service;
			sourceTree = "<group>";
		};
		1335DF64243B0BE400DFAD45 /* MaskInfoService.swift */ = {
			isa = PBXGroup;
			children = (
				1335DF4B243B05A600DFAD45 /* MaskInfoEndPoint.swift */,
				1335DF51243B089200DFAD45 /* MaskInfoService.swift */,
			);
			path = MaskInfoService.swift;
			sourceTree = "<group>";
		};
		134540A7243B23AB00956A30 /* Models */ = {
			isa = PBXGroup;
			children = (
				134540A8243B23EC00956A30 /* MaskInfo.swift */,
				134540AC243B293F00956A30 /* MaskStorage.swift */,
				134540C1243B33CA00956A30 /* Extension */,
			);
			path = Models;
			sourceTree = "<group>";
		};
		134540B0243B31C700956A30 /* Root */ = {
			isa = PBXGroup;
			children = (
				134540C2243B391900956A30 /* HomePageViewController.swift */,
				134540C3243B391900956A30 /* HomePageViewController.xib */,
				134540B1243B31ED00956A30 /* HomePageInteractor.swift */,
				134540B5243B32AB00956A30 /* HomePagePresenter.swift */,
				134540B9243B32BF00956A30 /* HomePageBuilder.swift */,
			);
			path = Root;
			sourceTree = "<group>";
		};
		134540C1243B33CA00956A30 /* Extension */ = {
			isa = PBXGroup;
			children = (
				134540BD243B33C600956A30 /* UIViewControllerExtension.swift */,
			);
			path = Extension;
			sourceTree = "<group>";
		};
/* End PBXGroup section */

/* Begin PBXNativeTarget section */
		1335DF16243B045400DFAD45 /* TrueLoveSample */ = {
			isa = PBXNativeTarget;
			buildConfigurationList = 1335DF41243B045500DFAD45 /* Build configuration list for PBXNativeTarget "TrueLoveSample" */;
			buildPhases = (
				1335DF13243B045400DFAD45 /* Sources */,
				1335DF14243B045400DFAD45 /* Frameworks */,
				1335DF15243B045400DFAD45 /* Resources */,
			);
			buildRules = (
			);
			dependencies = (
			);
			name = TrueLoveSample;
			productName = TrueLoveSample;
			productReference = 1335DF17243B045400DFAD45 /* TrueLoveSample.app */;
			productType = "com.apple.product-type.application";
		};
		1335DF2C243B045500DFAD45 /* TrueLoveSampleTests */ = {
			isa = PBXNativeTarget;
			buildConfigurationList = 1335DF44243B045500DFAD45 /* Build configuration list for PBXNativeTarget "TrueLoveSampleTests" */;
			buildPhases = (
				1335DF29243B045500DFAD45 /* Sources */,
				1335DF2A243B045500DFAD45 /* Frameworks */,
				1335DF2B243B045500DFAD45 /* Resources */,
			);
			buildRules = (
			);
			dependencies = (
				1335DF2F243B045500DFAD45 /* PBXTargetDependency */,
			);
			name = TrueLoveSampleTests;
			productName = TrueLoveSampleTests;
			productReference = 1335DF2D243B045500DFAD45 /* TrueLoveSampleTests.xctest */;
			productType = "com.apple.product-type.bundle.unit-test";
		};
		1335DF37243B045500DFAD45 /* TrueLoveSampleUITests */ = {
			isa = PBXNativeTarget;
			buildConfigurationList = 1335DF47243B045500DFAD45 /* Build configuration list for PBXNativeTarget "TrueLoveSampleUITests" */;
			buildPhases = (
				1335DF34243B045500DFAD45 /* Sources */,
				1335DF35243B045500DFAD45 /* Frameworks */,
				1335DF36243B045500DFAD45 /* Resources */,
			);
			buildRules = (
			);
			dependencies = (
				1335DF3A243B045500DFAD45 /* PBXTargetDependency */,
			);
			name = TrueLoveSampleUITests;
			productName = TrueLoveSampleUITests;
			productReference = 1335DF38243B045500DFAD45 /* TrueLoveSampleUITests.xctest */;
			productType = "com.apple.product-type.bundle.ui-testing";
		};
/* End PBXNativeTarget section */

/* Begin PBXProject section */
		1335DF0F243B045400DFAD45 /* Project object */ = {
			isa = PBXProject;
			attributes = {
				LastSwiftUpdateCheck = 1130;
				LastUpgradeCheck = 1130;
				ORGANIZATIONNAME = "CHEN YI-SHAIN";
				TargetAttributes = {
					1335DF16243B045400DFAD45 = {
						CreatedOnToolsVersion = 11.3.1;
					};
					1335DF2C243B045500DFAD45 = {
						CreatedOnToolsVersion = 11.3.1;
						TestTargetID = 1335DF16243B045400DFAD45;
					};
					1335DF37243B045500DFAD45 = {
						CreatedOnToolsVersion = 11.3.1;
						TestTargetID = 1335DF16243B045400DFAD45;
					};
				};
			};
			buildConfigurationList = 1335DF12243B045400DFAD45 /* Build configuration list for PBXProject "TrueLoveSample" */;
			compatibilityVersion = "Xcode 9.3";
			developmentRegion = en;
			hasScannedForEncodings = 0;
			knownRegions = (
				en,
				Base,
			);
			mainGroup = 1335DF0E243B045400DFAD45;
			productRefGroup = 1335DF18243B045400DFAD45 /* Products */;
			projectDirPath = "";
			projectRoot = "";
			targets = (
				1335DF16243B045400DFAD45 /* TrueLoveSample */,
				1335DF2C243B045500DFAD45 /* TrueLoveSampleTests */,
				1335DF37243B045500DFAD45 /* TrueLoveSampleUITests */,
			);
		};
/* End PBXProject section */

/* Begin PBXResourcesBuildPhase section */
		1335DF15243B045400DFAD45 /* Resources */ = {
			isa = PBXResourcesBuildPhase;
			buildActionMask = 2147483647;
			files = (
				134540C7243B391900956A30 /* HomePageViewController.xib in Resources */,
				1335DF27243B045500DFAD45 /* LaunchScreen.storyboard in Resources */,
				1335DF24243B045500DFAD45 /* Assets.xcassets in Resources */,
				1335DF22243B045400DFAD45 /* Main.storyboard in Resources */,
			);
			runOnlyForDeploymentPostprocessing = 0;
		};
		1335DF2B243B045500DFAD45 /* Resources */ = {
			isa = PBXResourcesBuildPhase;
			buildActionMask = 2147483647;
			files = (
				134540C8243B391900956A30 /* HomePageViewController.xib in Resources */,
			);
			runOnlyForDeploymentPostprocessing = 0;
		};
		1335DF36243B045500DFAD45 /* Resources */ = {
			isa = PBXResourcesBuildPhase;
			buildActionMask = 2147483647;
			files = (
				134540C9243B391900956A30 /* HomePageViewController.xib in Resources */,
			);
			runOnlyForDeploymentPostprocessing = 0;
		};
/* End PBXResourcesBuildPhase section */

/* Begin PBXSourcesBuildPhase section */
		1335DF13243B045400DFAD45 /* Sources */ = {
			isa = PBXSourcesBuildPhase;
			buildActionMask = 2147483647;
			files = (
				1335DF1B243B045400DFAD45 /* AppDelegate.swift in Sources */,
				134540B6243B32AB00956A30 /* HomePagePresenter.swift in Sources */,
				1335DF4C243B05A600DFAD45 /* MaskInfoEndPoint.swift in Sources */,
				134540BE243B33C600956A30 /* UIViewControllerExtension.swift in Sources */,
				1335DF66243B176300DFAD45 /* ResponseHandler.swift in Sources */,
				134540A9243B23EC00956A30 /* MaskInfo.swift in Sources */,
				1335DF5E243B09A600DFAD45 /* HTTPTask.swift in Sources */,
				134540BA243B32BF00956A30 /* HomePageBuilder.swift in Sources */,
				1335DF4E243B063700DFAD45 /* EndPointType.swift in Sources */,
				134540AD243B293F00956A30 /* MaskStorage.swift in Sources */,
				134540B2243B31ED00956A30 /* HomePageInteractor.swift in Sources */,
				1335DF5A243B098200DFAD45 /* HTTPMethod.swift in Sources */,
				134540C4243B391900956A30 /* HomePageViewController.swift in Sources */,
				1335DF1D243B045400DFAD45 /* SceneDelegate.swift in Sources */,
				1335DF52243B089200DFAD45 /* MaskInfoService.swift in Sources */,
				1335DF56243B08F700DFAD45 /* NetworkRouter.swift in Sources */,
			);
			runOnlyForDeploymentPostprocessing = 0;
		};
		1335DF29243B045500DFAD45 /* Sources */ = {
			isa = PBXSourcesBuildPhase;
			buildActionMask = 2147483647;
			files = (
				1335DF5F243B09A600DFAD45 /* HTTPTask.swift in Sources */,
				134540BB243B32BF00956A30 /* HomePageBuilder.swift in Sources */,
				1335DF4F243B063700DFAD45 /* EndPointType.swift in Sources */,
				134540B3243B31ED00956A30 /* HomePageInteractor.swift in Sources */,
				1335DF57243B08F700DFAD45 /* NetworkRouter.swift in Sources */,
				1335DF32243B045500DFAD45 /* TrueLoveSampleTests.swift in Sources */,
				134540AA243B23EC00956A30 /* MaskInfo.swift in Sources */,
				1335DF5B243B098200DFAD45 /* HTTPMethod.swift in Sources */,
				134540C5243B391900956A30 /* HomePageViewController.swift in Sources */,
				134540A5243B1EF800956A30 /* MaskInfoService.swift in Sources */,
				134540BF243B33C600956A30 /* UIViewControllerExtension.swift in Sources */,
				134540AE243B293F00956A30 /* MaskStorage.swift in Sources */,
				134540B7243B32AB00956A30 /* HomePagePresenter.swift in Sources */,
				1335DF67243B176300DFAD45 /* ResponseHandler.swift in Sources */,
			);
			runOnlyForDeploymentPostprocessing = 0;
		};
		1335DF34243B045500DFAD45 /* Sources */ = {
			isa = PBXSourcesBuildPhase;
			buildActionMask = 2147483647;
			files = (
				1335DF60243B09A600DFAD45 /* HTTPTask.swift in Sources */,
				134540BC243B32BF00956A30 /* HomePageBuilder.swift in Sources */,
				1335DF50243B063700DFAD45 /* EndPointType.swift in Sources */,
				134540B4243B31ED00956A30 /* HomePageInteractor.swift in Sources */,
				1335DF58243B08F700DFAD45 /* NetworkRouter.swift in Sources */,
				1335DF3D243B045500DFAD45 /* TrueLoveSampleUITests.swift in Sources */,
				134540AB243B23EC00956A30 /* MaskInfo.swift in Sources */,
				1335DF5C243B098200DFAD45 /* HTTPMethod.swift in Sources */,
				134540C6243B391900956A30 /* HomePageViewController.swift in Sources */,
				134540A6243B1EF800956A30 /* MaskInfoService.swift in Sources */,
				134540C0243B33C600956A30 /* UIViewControllerExtension.swift in Sources */,
				134540AF243B293F00956A30 /* MaskStorage.swift in Sources */,
				134540B8243B32AB00956A30 /* HomePagePresenter.swift in Sources */,
				1335DF68243B176300DFAD45 /* ResponseHandler.swift in Sources */,
			);
			runOnlyForDeploymentPostprocessing = 0;
		};
/* End PBXSourcesBuildPhase section */

/* Begin PBXTargetDependency section */
		1335DF2F243B045500DFAD45 /* PBXTargetDependency */ = {
			isa = PBXTargetDependency;
			target = 1335DF16243B045400DFAD45 /* TrueLoveSample */;
			targetProxy = 1335DF2E243B045500DFAD45 /* PBXContainerItemProxy */;
		};
		1335DF3A243B045500DFAD45 /* PBXTargetDependency */ = {
			isa = PBXTargetDependency;
			target = 1335DF16243B045400DFAD45 /* TrueLoveSample */;
			targetProxy = 1335DF39243B045500DFAD45 /* PBXContainerItemProxy */;
		};
/* End PBXTargetDependency section */

/* Begin PBXVariantGroup section */
		1335DF20243B045400DFAD45 /* Main.storyboard */ = {
			isa = PBXVariantGroup;
			children = (
				1335DF21243B045400DFAD45 /* Base */,
			);
			name = Main.storyboard;
			sourceTree = "<group>";
		};
		1335DF25243B045500DFAD45 /* LaunchScreen.storyboard */ = {
			isa = PBXVariantGroup;
			children = (
				1335DF26243B045500DFAD45 /* Base */,
			);
			name = LaunchScreen.storyboard;
			sourceTree = "<group>";
		};
/* End PBXVariantGroup section */

/* Begin XCBuildConfiguration section */
		1335DF3F243B045500DFAD45 /* Debug */ = {
			isa = XCBuildConfiguration;
			buildSettings = {
				ALWAYS_SEARCH_USER_PATHS = NO;
				CLANG_ANALYZER_NONNULL = YES;
				CLANG_ANALYZER_NUMBER_OBJECT_CONVERSION = YES_AGGRESSIVE;
				CLANG_CXX_LANGUAGE_STANDARD = "gnu++14";
				CLANG_CXX_LIBRARY = "libc++";
				CLANG_ENABLE_MODULES = YES;
				CLANG_ENABLE_OBJC_ARC = YES;
				CLANG_ENABLE_OBJC_WEAK = YES;
				CLANG_WARN_BLOCK_CAPTURE_AUTORELEASING = YES;
				CLANG_WARN_BOOL_CONVERSION = YES;
				CLANG_WARN_COMMA = YES;
				CLANG_WARN_CONSTANT_CONVERSION = YES;
				CLANG_WARN_DEPRECATED_OBJC_IMPLEMENTATIONS = YES;
				CLANG_WARN_DIRECT_OBJC_ISA_USAGE = YES_ERROR;
				CLANG_WARN_DOCUMENTATION_COMMENTS = YES;
				CLANG_WARN_EMPTY_BODY = YES;
				CLANG_WARN_ENUM_CONVERSION = YES;
				CLANG_WARN_INFINITE_RECURSION = YES;
				CLANG_WARN_INT_CONVERSION = YES;
				CLANG_WARN_NON_LITERAL_NULL_CONVERSION = YES;
				CLANG_WARN_OBJC_IMPLICIT_RETAIN_SELF = YES;
				CLANG_WARN_OBJC_LITERAL_CONVERSION = YES;
				CLANG_WARN_OBJC_ROOT_CLASS = YES_ERROR;
				CLANG_WARN_RANGE_LOOP_ANALYSIS = YES;
				CLANG_WARN_STRICT_PROTOTYPES = YES;
				CLANG_WARN_SUSPICIOUS_MOVE = YES;
				CLANG_WARN_UNGUARDED_AVAILABILITY = YES_AGGRESSIVE;
				CLANG_WARN_UNREACHABLE_CODE = YES;
				CLANG_WARN__DUPLICATE_METHOD_MATCH = YES;
				COPY_PHASE_STRIP = NO;
				DEBUG_INFORMATION_FORMAT = dwarf;
				ENABLE_STRICT_OBJC_MSGSEND = YES;
				ENABLE_TESTABILITY = YES;
				GCC_C_LANGUAGE_STANDARD = gnu11;
				GCC_DYNAMIC_NO_PIC = NO;
				GCC_NO_COMMON_BLOCKS = YES;
				GCC_OPTIMIZATION_LEVEL = 0;
				GCC_PREPROCESSOR_DEFINITIONS = (
					"DEBUG=1",
					"$(inherited)",
				);
				GCC_WARN_64_TO_32_BIT_CONVERSION = YES;
				GCC_WARN_ABOUT_RETURN_TYPE = YES_ERROR;
				GCC_WARN_UNDECLARED_SELECTOR = YES;
				GCC_WARN_UNINITIALIZED_AUTOS = YES_AGGRESSIVE;
				GCC_WARN_UNUSED_FUNCTION = YES;
				GCC_WARN_UNUSED_VARIABLE = YES;
				IPHONEOS_DEPLOYMENT_TARGET = 13.2;
				MTL_ENABLE_DEBUG_INFO = INCLUDE_SOURCE;
				MTL_FAST_MATH = YES;
				ONLY_ACTIVE_ARCH = YES;
				SDKROOT = iphoneos;
				SWIFT_ACTIVE_COMPILATION_CONDITIONS = DEBUG;
				SWIFT_OPTIMIZATION_LEVEL = "-Onone";
			};
			name = Debug;
		};
		1335DF40243B045500DFAD45 /* Release */ = {
			isa = XCBuildConfiguration;
			buildSettings = {
				ALWAYS_SEARCH_USER_PATHS = NO;
				CLANG_ANALYZER_NONNULL = YES;
				CLANG_ANALYZER_NUMBER_OBJECT_CONVERSION = YES_AGGRESSIVE;
				CLANG_CXX_LANGUAGE_STANDARD = "gnu++14";
				CLANG_CXX_LIBRARY = "libc++";
				CLANG_ENABLE_MODULES = YES;
				CLANG_ENABLE_OBJC_ARC = YES;
				CLANG_ENABLE_OBJC_WEAK = YES;
				CLANG_WARN_BLOCK_CAPTURE_AUTORELEASING = YES;
				CLANG_WARN_BOOL_CONVERSION = YES;
				CLANG_WARN_COMMA = YES;
				CLANG_WARN_CONSTANT_CONVERSION = YES;
				CLANG_WARN_DEPRECATED_OBJC_IMPLEMENTATIONS = YES;
				CLANG_WARN_DIRECT_OBJC_ISA_USAGE = YES_ERROR;
				CLANG_WARN_DOCUMENTATION_COMMENTS = YES;
				CLANG_WARN_EMPTY_BODY = YES;
				CLANG_WARN_ENUM_CONVERSION = YES;
				CLANG_WARN_INFINITE_RECURSION = YES;
				CLANG_WARN_INT_CONVERSION = YES;
				CLANG_WARN_NON_LITERAL_NULL_CONVERSION = YES;
				CLANG_WARN_OBJC_IMPLICIT_RETAIN_SELF = YES;
				CLANG_WARN_OBJC_LITERAL_CONVERSION = YES;
				CLANG_WARN_OBJC_ROOT_CLASS = YES_ERROR;
				CLANG_WARN_RANGE_LOOP_ANALYSIS = YES;
				CLANG_WARN_STRICT_PROTOTYPES = YES;
				CLANG_WARN_SUSPICIOUS_MOVE = YES;
				CLANG_WARN_UNGUARDED_AVAILABILITY = YES_AGGRESSIVE;
				CLANG_WARN_UNREACHABLE_CODE = YES;
				CLANG_WARN__DUPLICATE_METHOD_MATCH = YES;
				COPY_PHASE_STRIP = NO;
				DEBUG_INFORMATION_FORMAT = "dwarf-with-dsym";
				ENABLE_NS_ASSERTIONS = NO;
				ENABLE_STRICT_OBJC_MSGSEND = YES;
				GCC_C_LANGUAGE_STANDARD = gnu11;
				GCC_NO_COMMON_BLOCKS = YES;
				GCC_WARN_64_TO_32_BIT_CONVERSION = YES;
				GCC_WARN_ABOUT_RETURN_TYPE = YES_ERROR;
				GCC_WARN_UNDECLARED_SELECTOR = YES;
				GCC_WARN_UNINITIALIZED_AUTOS = YES_AGGRESSIVE;
				GCC_WARN_UNUSED_FUNCTION = YES;
				GCC_WARN_UNUSED_VARIABLE = YES;
				IPHONEOS_DEPLOYMENT_TARGET = 13.2;
				MTL_ENABLE_DEBUG_INFO = NO;
				MTL_FAST_MATH = YES;
				SDKROOT = iphoneos;
				SWIFT_COMPILATION_MODE = wholemodule;
				SWIFT_OPTIMIZATION_LEVEL = "-O";
				VALIDATE_PRODUCT = YES;
			};
			name = Release;
		};
		1335DF42243B045500DFAD45 /* Debug */ = {
			isa = XCBuildConfiguration;
			buildSettings = {
				ASSETCATALOG_COMPILER_APPICON_NAME = AppIcon;
				CODE_SIGN_STYLE = Automatic;
				DEVELOPMENT_TEAM = Z93C2F2YB3;
				INFOPLIST_FILE = TrueLoveSample/Info.plist;
				LD_RUNPATH_SEARCH_PATHS = (
					"$(inherited)",
					"@executable_path/Frameworks",
				);
				PRODUCT_BUNDLE_IDENTIFIER = com.travelstart.TrueLoveSample;
				PRODUCT_NAME = "$(TARGET_NAME)";
				SWIFT_VERSION = 5.0;
				TARGETED_DEVICE_FAMILY = "1,2";
			};
			name = Debug;
		};
		1335DF43243B045500DFAD45 /* Release */ = {
			isa = XCBuildConfiguration;
			buildSettings = {
				ASSETCATALOG_COMPILER_APPICON_NAME = AppIcon;
				CODE_SIGN_STYLE = Automatic;
				DEVELOPMENT_TEAM = Z93C2F2YB3;
				INFOPLIST_FILE = TrueLoveSample/Info.plist;
				LD_RUNPATH_SEARCH_PATHS = (
					"$(inherited)",
					"@executable_path/Frameworks",
				);
				PRODUCT_BUNDLE_IDENTIFIER = com.travelstart.TrueLoveSample;
				PRODUCT_NAME = "$(TARGET_NAME)";
				SWIFT_VERSION = 5.0;
				TARGETED_DEVICE_FAMILY = "1,2";
			};
			name = Release;
		};
		1335DF45243B045500DFAD45 /* Debug */ = {
			isa = XCBuildConfiguration;
			buildSettings = {
				ALWAYS_EMBED_SWIFT_STANDARD_LIBRARIES = YES;
				BUNDLE_LOADER = "$(TEST_HOST)";
				CODE_SIGN_STYLE = Automatic;
				DEVELOPMENT_TEAM = Z93C2F2YB3;
				INFOPLIST_FILE = TrueLoveSampleTests/Info.plist;
				IPHONEOS_DEPLOYMENT_TARGET = 13.2;
				LD_RUNPATH_SEARCH_PATHS = (
					"$(inherited)",
					"@executable_path/Frameworks",
					"@loader_path/Frameworks",
				);
				PRODUCT_BUNDLE_IDENTIFIER = com.travelstart.TrueLoveSampleTests;
				PRODUCT_NAME = "$(TARGET_NAME)";
				SWIFT_VERSION = 5.0;
				TARGETED_DEVICE_FAMILY = "1,2";
				TEST_HOST = "$(BUILT_PRODUCTS_DIR)/TrueLoveSample.app/TrueLoveSample";
			};
			name = Debug;
		};
		1335DF46243B045500DFAD45 /* Release */ = {
			isa = XCBuildConfiguration;
			buildSettings = {
				ALWAYS_EMBED_SWIFT_STANDARD_LIBRARIES = YES;
				BUNDLE_LOADER = "$(TEST_HOST)";
				CODE_SIGN_STYLE = Automatic;
				DEVELOPMENT_TEAM = Z93C2F2YB3;
				INFOPLIST_FILE = TrueLoveSampleTests/Info.plist;
				IPHONEOS_DEPLOYMENT_TARGET = 13.2;
				LD_RUNPATH_SEARCH_PATHS = (
					"$(inherited)",
					"@executable_path/Frameworks",
					"@loader_path/Frameworks",
				);
				PRODUCT_BUNDLE_IDENTIFIER = com.travelstart.TrueLoveSampleTests;
				PRODUCT_NAME = "$(TARGET_NAME)";
				SWIFT_VERSION = 5.0;
				TARGETED_DEVICE_FAMILY = "1,2";
				TEST_HOST = "$(BUILT_PRODUCTS_DIR)/TrueLoveSample.app/TrueLoveSample";
			};
			name = Release;
		};
		1335DF48243B045500DFAD45 /* Debug */ = {
			isa = XCBuildConfiguration;
			buildSettings = {
				ALWAYS_EMBED_SWIFT_STANDARD_LIBRARIES = YES;
				CODE_SIGN_STYLE = Automatic;
				DEVELOPMENT_TEAM = Z93C2F2YB3;
				INFOPLIST_FILE = TrueLoveSampleUITests/Info.plist;
				LD_RUNPATH_SEARCH_PATHS = (
					"$(inherited)",
					"@executable_path/Frameworks",
					"@loader_path/Frameworks",
				);
				PRODUCT_BUNDLE_IDENTIFIER = com.travelstart.TrueLoveSampleUITests;
				PRODUCT_NAME = "$(TARGET_NAME)";
				SWIFT_VERSION = 5.0;
				TARGETED_DEVICE_FAMILY = "1,2";
				TEST_TARGET_NAME = TrueLoveSample;
			};
			name = Debug;
		};
		1335DF49243B045500DFAD45 /* Release */ = {
			isa = XCBuildConfiguration;
			buildSettings = {
				ALWAYS_EMBED_SWIFT_STANDARD_LIBRARIES = YES;
				CODE_SIGN_STYLE = Automatic;
				DEVELOPMENT_TEAM = Z93C2F2YB3;
				INFOPLIST_FILE = TrueLoveSampleUITests/Info.plist;
				LD_RUNPATH_SEARCH_PATHS = (
					"$(inherited)",
					"@executable_path/Frameworks",
					"@loader_path/Frameworks",
				);
				PRODUCT_BUNDLE_IDENTIFIER = com.travelstart.TrueLoveSampleUITests;
				PRODUCT_NAME = "$(TARGET_NAME)";
				SWIFT_VERSION = 5.0;
				TARGETED_DEVICE_FAMILY = "1,2";
				TEST_TARGET_NAME = TrueLoveSample;
			};
			name = Release;
		};
/* End XCBuildConfiguration section */

/* Begin XCConfigurationList section */
		1335DF12243B045400DFAD45 /* Build configuration list for PBXProject "TrueLoveSample" */ = {
			isa = XCConfigurationList;
			buildConfigurations = (
				1335DF3F243B045500DFAD45 /* Debug */,
				1335DF40243B045500DFAD45 /* Release */,
			);
			defaultConfigurationIsVisible = 0;
			defaultConfigurationName = Release;
		};
		1335DF41243B045500DFAD45 /* Build configuration list for PBXNativeTarget "TrueLoveSample" */ = {
			isa = XCConfigurationList;
			buildConfigurations = (
				1335DF42243B045500DFAD45 /* Debug */,
				1335DF43243B045500DFAD45 /* Release */,
			);
			defaultConfigurationIsVisible = 0;
			defaultConfigurationName = Release;
		};
		1335DF44243B045500DFAD45 /* Build configuration list for PBXNativeTarget "TrueLoveSampleTests" */ = {
			isa = XCConfigurationList;
			buildConfigurations = (
				1335DF45243B045500DFAD45 /* Debug */,
				1335DF46243B045500DFAD45 /* Release */,
			);
			defaultConfigurationIsVisible = 0;
			defaultConfigurationName = Release;
		};
		1335DF47243B045500DFAD45 /* Build configuration list for PBXNativeTarget "TrueLoveSampleUITests" */ = {
			isa = XCConfigurationList;
			buildConfigurations = (
				1335DF48243B045500DFAD45 /* Debug */,
				1335DF49243B045500DFAD45 /* Release */,
			);
			defaultConfigurationIsVisible = 0;
			defaultConfigurationName = Release;
		};
/* End XCConfigurationList section */
	};
	rootObject = 1335DF0F243B045400DFAD45 /* Project object */;
}
